
Microsoft Visual Studio Solution File, Format Version 12.00
# Visual Studio Version 16
VisualStudioVersion = 16.0.30804.86
MinimumVisualStudioVersion = 10.0.40219.1
Project("{8BC9CEB8-8B4A-11D0-8D11-00A0C91BC942}") = "oop2_4", "oop2_4\oop2_4.vcxproj", "{D5F83993-63AF-4FFA-8764-673A3482BFDD}"
EndProject
Project("{8BC9CEB8-8B4A-11D0-8D11-00A0C91BC942}") = "UnitTest2_4", "UnitTest2_4\UnitTest2_4.vcxproj", "{E1BB77D2-09BE-4474-A6E7-7EA4BF7DACFB}"
EndProject
Global
	GlobalSection(SolutionConfigurationPlatforms) = preSolution
		Debug|x64 = Debug|x64
		Debug|x86 = Debug|x86
		Release|x64 = Release|x64
		Release|x86 = Release|x86
	EndGlobalSection
	GlobalSection(ProjectConfigurationPlatforms) = postSolution
		{D5F83993-63AF-4FFA-8764-673A3482BFDD}.Debug|x64.ActiveCfg = Debug|x64
		{D5F83993-63AF-4FFA-8764-673A3482BFDD}.Debug|x64.Build.0 = Debug|x64
		{D5F83993-63AF-4FFA-8764-673A3482BFDD}.Debug|x86.ActiveCfg = Debug|Win32
		{D5F83993-63AF-4FFA-8764-673A3482BFDD}.Debug|x86.Build.0 = Debug|Win32
		{D5F83993-63AF-4FFA-8764-673A3482BFDD}.Release|x64.ActiveCfg = Release|x64
		{D5F83993-63AF-4FFA-8764-673A3482BFDD}.Release|x64.Build.0 = Release|x64
		{D5F83993-63AF-4FFA-8764-673A3482BFDD}.Release|x86.ActiveCfg = Release|Win32
		{D5F83993-63AF-4FFA-8764-673A3482BFDD}.Release|x86.Build.0 = Release|Win32
		{E1BB77D2-09BE-4474-A6E7-7EA4BF7DACFB}.Debug|x64.ActiveCfg = Debug|x64
		{E1BB77D2-09BE-4474-A6E7-7EA4BF7DACFB}.Debug|x64.Build.0 = Debug|x64
		{E1BB77D2-09BE-4474-A6E7-7EA4BF7DACFB}.Debug|x86.ActiveCfg = Debug|Win32
		{E1BB77D2-09BE-4474-A6E7-7EA4BF7DACFB}.Debug|x86.Build.0 = Debug|Win32
		{E1BB77D2-09BE-4474-A6E7-7EA4BF7DACFB}.Release|x64.ActiveCfg = Release|x64
		{E1BB77D2-09BE-4474-A6E7-7EA4BF7DACFB}.Release|x64.Build.0 = Release|x64
		{E1BB77D2-09BE-4474-A6E7-7EA4BF7DACFB}.Release|x86.ActiveCfg = Release|Win32
		{E1BB77D2-09BE-4474-A6E7-7EA4BF7DACFB}.Release|x86.Build.0 = Release|Win32
	EndGlobalSection
	GlobalSection(SolutionProperties) = preSolution
		HideSolutionNode = FALSE
	EndGlobalSection
	GlobalSection(ExtensibilityGlobals) = postSolution
		SolutionGuid = {C40B4943-7D39-4BA2-8947-E67002474A97}
	EndGlobalSection
EndGlobal
